
Microsoft Visual Studio Solution File, Format Version 12.00
# Visual Studio Version 17
Project("{2150E333-8FDC-42A3-9474-1A3956D46DE8}") = "CMakePredefinedTargets", "CMakePredefinedTargets", "{768C38BD-E6C5-3F7C-B97E-1E8C8AC01795}"
EndProject
Project("{8BC9CEB8-8B4A-11D0-8D11-00A0C91BC942}") = "ALL_BUILD", "ALL_BUILD.vcxproj", "{7C4408A8-1766-3127-87E4-E06D98023B3D}"
	ProjectSection(ProjectDependencies) = postProject
		{7015BC75-7DDF-3627-9B95-0F7EDDE7CCFA} = {7015BC75-7DDF-3627-9B95-0F7EDDE7CCFA}
		{16D18C1E-870B-3317-827B-7A423A5893AB} = {16D18C1E-870B-3317-827B-7A423A5893AB}
	EndProjectSection
EndProject
Project("{8BC9CEB8-8B4A-11D0-8D11-00A0C91BC942}") = "ZERO_CHECK", "ZERO_CHECK.vcxproj", "{7015BC75-7DDF-3627-9B95-0F7EDDE7CCFA}"
	ProjectSection(ProjectDependencies) = postProject
	EndProjectSection
EndProject
Project("{8BC9CEB8-8B4A-11D0-8D11-00A0C91BC942}") = "mandelbrotgpu3-windws-cuda", "mandelbrotgpu3-windws-cuda.vcxproj", "{16D18C1E-870B-3317-827B-7A423A5893AB}"
	ProjectSection(ProjectDependencies) = postProject
		{7015BC75-7DDF-3627-9B95-0F7EDDE7CCFA} = {7015BC75-7DDF-3627-9B95-0F7EDDE7CCFA}
	EndProjectSection
EndProject
Global
	GlobalSection(SolutionConfigurationPlatforms) = preSolution
		Debug|x64 = Debug|x64
		Release|x64 = Release|x64
		MinSizeRel|x64 = MinSizeRel|x64
		RelWithDebInfo|x64 = RelWithDebInfo|x64
	EndGlobalSection
	GlobalSection(ProjectConfigurationPlatforms) = postSolution
		{7C4408A8-1766-3127-87E4-E06D98023B3D}.Debug|x64.ActiveCfg = Debug|x64
		{7C4408A8-1766-3127-87E4-E06D98023B3D}.Release|x64.ActiveCfg = Release|x64
		{7C4408A8-1766-3127-87E4-E06D98023B3D}.MinSizeRel|x64.ActiveCfg = MinSizeRel|x64
		{7C4408A8-1766-3127-87E4-E06D98023B3D}.RelWithDebInfo|x64.ActiveCfg = RelWithDebInfo|x64
		{7015BC75-7DDF-3627-9B95-0F7EDDE7CCFA}.Debug|x64.ActiveCfg = Debug|x64
		{7015BC75-7DDF-3627-9B95-0F7EDDE7CCFA}.Debug|x64.Build.0 = Debug|x64
		{7015BC75-7DDF-3627-9B95-0F7EDDE7CCFA}.Release|x64.ActiveCfg = Release|x64
		{7015BC75-7DDF-3627-9B95-0F7EDDE7CCFA}.Release|x64.Build.0 = Release|x64
		{7015BC75-7DDF-3627-9B95-0F7EDDE7CCFA}.MinSizeRel|x64.ActiveCfg = MinSizeRel|x64
		{7015BC75-7DDF-3627-9B95-0F7EDDE7CCFA}.MinSizeRel|x64.Build.0 = MinSizeRel|x64
		{7015BC75-7DDF-3627-9B95-0F7EDDE7CCFA}.RelWithDebInfo|x64.ActiveCfg = RelWithDebInfo|x64
		{7015BC75-7DDF-3627-9B95-0F7EDDE7CCFA}.RelWithDebInfo|x64.Build.0 = RelWithDebInfo|x64
		{16D18C1E-870B-3317-827B-7A423A5893AB}.Debug|x64.ActiveCfg = Debug|x64
		{16D18C1E-870B-3317-827B-7A423A5893AB}.Debug|x64.Build.0 = Debug|x64
		{16D18C1E-870B-3317-827B-7A423A5893AB}.Release|x64.ActiveCfg = Release|x64
		{16D18C1E-870B-3317-827B-7A423A5893AB}.Release|x64.Build.0 = Release|x64
		{16D18C1E-870B-3317-827B-7A423A5893AB}.MinSizeRel|x64.ActiveCfg = MinSizeRel|x64
		{16D18C1E-870B-3317-827B-7A423A5893AB}.MinSizeRel|x64.Build.0 = MinSizeRel|x64
		{16D18C1E-870B-3317-827B-7A423A5893AB}.RelWithDebInfo|x64.ActiveCfg = RelWithDebInfo|x64
		{16D18C1E-870B-3317-827B-7A423A5893AB}.RelWithDebInfo|x64.Build.0 = RelWithDebInfo|x64
	EndGlobalSection
	GlobalSection(NestedProjects) = preSolution
		{7C4408A8-1766-3127-87E4-E06D98023B3D} = {768C38BD-E6C5-3F7C-B97E-1E8C8AC01795}
		{7015BC75-7DDF-3627-9B95-0F7EDDE7CCFA} = {768C38BD-E6C5-3F7C-B97E-1E8C8AC01795}
	EndGlobalSection
	GlobalSection(ExtensibilityGlobals) = postSolution
		SolutionGuid = {C4512F70-48FA-3D06-BA96-08CCF4BF8E3B}
	EndGlobalSection
	GlobalSection(ExtensibilityAddIns) = postSolution
	EndGlobalSection
EndGlobal
