<?xml version="1.0" encoding="utf-8"?>
<Project ToolsVersion="17.0" xmlns="http://schemas.microsoft.com/developer/msbuild/2003">
  <ItemGroup>
    <ClCompile Include="C:\Users\teren\Documents\Programming\C++\mandelbrot\repos\mandelbrotgpu3-windows\cmake\opencl\main-opengl.cxx">
      <Filter>Source Files</Filter>
    </ClCompile>
  </ItemGroup>
  <ItemGroup>
    <CustomBuild Include="C:\Users\teren\Documents\Programming\C++\mandelbrot\repos\mandelbrotgpu3-windows\cmake\opencl\CMakeLists.txt" />
  </ItemGroup>
  <ItemGroup>
    <Filter Include="Source Files">
      <UniqueIdentifier>{D3861CC3-EE6E-387F-9CFD-09BAF19D6F07}</UniqueIdentifier>
    </Filter>
  </ItemGroup>
</Project>
